PODS:
  - FMDB (2.7.5):
    - FMDB/standard (= 2.7.5)
  - FMDB/standard (2.7.5)
  - MNN (0.2.1.8)
  - MNNFaceDetection (0.0.3):
    - MNN (= 0.2.1.8)
    - MNNKitCore (~> 0.0.4)
  - MNNHandGestureDetection (0.0.3):
    - MNN (= 0.2.1.8)
    - MNNKitCore (~> 0.0.4)
  - MNNKitCore (0.0.4):
    - FMDB (= 2.7.5)
    - MNN (= 0.2.1.8)
  - MNNPortraitSegmentation (0.0.3):
    - MNN (= 0.2.1.8)
    - MNNKitCore (~> 0.0.4)

DEPENDENCIES:
  - MNNFaceDetection (~> 0.0.3)
  - MNNHandGestureDetection (~> 0.0.3)
  - MNNPortraitSegmentation (~> 0.0.3)

SPEC REPOS:
  https://github.com/CocoaPods/Specs.git:
    - FMDB
    - MNN
    - MNNFaceDetection
    - MNNHandGestureDetection
    - MNNKitCore
    - MNNPortraitSegmentation

SPEC CHECKSUMS:
  FMDB: 2ce00b547f966261cd18927a3ddb07cb6f3db82a
  MNN: dc7a1f40de99586818a83264dcf39fe09b068212
  MNNFaceDetection: 162e8d12dd5e52b0d5b9ac056acfc8afd69218c9
  MNNHandGestureDetection: 14d2de4ce38fa05e26cb810576951c863fd25b3e
  MNNKitCore: 8177d4cbf76d17fa607f4348fe8b0993a2e35d78
  MNNPortraitSegmentation: ae488dc824c85771fa2b9ab5469aa7bb50951102

PODFILE CHECKSUM: 7b4330f5caeb406396a2f4093c3fb7eb3a3a0675

COCOAPODS: 1.8.4
